<?xml version="1.0" encoding="utf-8"?>
<Project ToolsVersion="4.0" xmlns="http://schemas.microsoft.com/developer/msbuild/2003">
  <ItemGroup>
    <Filter Include="リソース ファイル">
      <UniqueIdentifier>{67DA6AB6-F800-4c08-8B7A-83BB121AAD01}</UniqueIdentifier>
      <Extensions>rc;ico;cur;bmp;dlg;rc2;rct;bin;rgs;gif;jpg;jpeg;jpe;resx;tiff;tif;png;wav;mfcribbon-ms</Extensions>
    </Filter>
    <Filter Include="01Engine">
      <UniqueIdentifier>{e5fccdcb-f299-4448-bdb6-01fa28039576}</UniqueIdentifier>
    </Filter>
    <Filter Include="01Engine\GameObject">
      <UniqueIdentifier>{b450e438-c939-4b05-b319-0e3c0b4a335c}</UniqueIdentifier>
    </Filter>
    <Filter Include="01Engine\ResourceManager">
      <UniqueIdentifier>{bedee914-5063-4c08-95bb-79c861b4969c}</UniqueIdentifier>
    </Filter>
    <Filter Include="Gimmick">
      <UniqueIdentifier>{7afea129-3a9f-4c5a-ae3a-23651fd169c0}</UniqueIdentifier>
    </Filter>
    <Filter Include="Enemy">
      <UniqueIdentifier>{ea0aa643-09e8-4898-b168-007f947f0853}</UniqueIdentifier>
    </Filter>
    <Filter Include="Stage">
      <UniqueIdentifier>{51b57d4b-8a74-4011-9dbf-a9200d2f478d}</UniqueIdentifier>
    </Filter>
  </ItemGroup>
  <ItemGroup>
    <ClCompile Include="Engine\GameObject.cpp">
      <Filter>01Engine\GameObject</Filter>
    </ClCompile>
    <ClCompile Include="Engine\RootObject.cpp">
      <Filter>01Engine\GameObject</Filter>
    </ClCompile>
    <ClCompile Include="Engine\CsvReader.cpp">
      <Filter>01Engine\ResourceManager</Filter>
    </ClCompile>
    <ClCompile Include="Engine\Main.cpp">
      <Filter>01Engine</Filter>
    </ClCompile>
    <ClCompile Include="Engine\SceneManager.cpp">
      <Filter>01Engine</Filter>
    </ClCompile>
    <ClCompile Include="Engine\Transform.cpp">
      <Filter>01Engine\GameObject</Filter>
    </ClCompile>
    <ClCompile Include="TestScene.cpp" />
    <ClCompile Include="Stone.cpp">
      <Filter>Gimmick</Filter>
    </ClCompile>
    <ClCompile Include="Bird.cpp">
      <Filter>Enemy</Filter>
    </ClCompile>
    <ClCompile Include="Player.cpp">
      <Filter>Enemy</Filter>
    </ClCompile>
    <ClCompile Include="Camera.cpp">
      <Filter>Stage</Filter>
    </ClCompile>
    <ClCompile Include="Field.cpp">
      <Filter>Stage</Filter>
    </ClCompile>
    <ClCompile Include="Random.cpp" />
    <ClCompile Include="Wolf.cpp">
      <Filter>Enemy</Filter>
    </ClCompile>
  </ItemGroup>
  <ItemGroup>
    <ClInclude Include="Engine\GameObject.h">
      <Filter>01Engine\GameObject</Filter>
    </ClInclude>
    <ClInclude Include="Engine\RootObject.h">
      <Filter>01Engine\GameObject</Filter>
    </ClInclude>
    <ClInclude Include="Engine\CsvReader.h">
      <Filter>01Engine\ResourceManager</Filter>
    </ClInclude>
    <ClInclude Include="Engine\Global.h">
      <Filter>01Engine</Filter>
    </ClInclude>
    <ClInclude Include="Engine\SceneManager.h">
      <Filter>01Engine</Filter>
    </ClInclude>
    <ClInclude Include="Engine\Transform.h">
      <Filter>01Engine\GameObject</Filter>
    </ClInclude>
    <ClInclude Include="TestScene.h" />
    <ClInclude Include="Stone.h">
      <Filter>Gimmick</Filter>
    </ClInclude>
    <ClInclude Include="Bird.h">
      <Filter>Enemy</Filter>
    </ClInclude>
    <ClInclude Include="Player.h">
      <Filter>Enemy</Filter>
    </ClInclude>
    <ClInclude Include="Field.h">
      <Filter>Stage</Filter>
    </ClInclude>
    <ClInclude Include="Camera.h">
      <Filter>Stage</Filter>
    </ClInclude>
    <ClInclude Include="Random.h" />
    <ClInclude Include="Wolf.h">
      <Filter>Enemy</Filter>
    </ClInclude>
  </ItemGroup>
</Project>